
Microsoft Visual Studio Solution File, Format Version 12.00
Project("{FAE04EC0-301F-11D3-BF4B-00C04F79EFBC}") = "MyMasstransitOne", "MyMasstransitOne\MyMasstransitOne.csproj", "{26710DF7-2368-444B-A316-C44E3DFD67B6}"
EndProject
Project("{FAE04EC0-301F-11D3-BF4B-00C04F79EFBC}") = "MyMasstransitTwo", "MyMasstransitTwo\MyMasstransitTwo.csproj", "{4B047FFA-A247-4525-A659-40C5C3544803}"
EndProject
Project("{2150E333-8FDC-42A3-9474-1A3956D46DE8}") = "One", "One", "{EBE85BEA-F474-42C4-AF8B-0463AA0043A8}"
EndProject
Project("{FAE04EC0-301F-11D3-BF4B-00C04F79EFBC}") = "MyMasstransit.Contract", "MyMasstransit.Contract\MyMasstransit.Contract.csproj", "{BB0C9179-F4E3-4BD0-8CA1-0DDD3DE9A3D0}"
EndProject
Project("{FAE04EC0-301F-11D3-BF4B-00C04F79EFBC}") = "MyMasstransit.Components", "MyMasstransit.Components\MyMasstransit.Components.csproj", "{FFDA71EE-E8BE-4E1B-8F19-31E5ECF8E279}"
EndProject
Project("{2150E333-8FDC-42A3-9474-1A3956D46DE8}") = "MediatorDemo", "MediatorDemo", "{DE92F329-EF97-4CC7-8813-DD81502A7EC0}"
EndProject
Project("{FAE04EC0-301F-11D3-BF4B-00C04F79EFBC}") = "TestMediator", "TestMediator\TestMediator.csproj", "{8623E0BF-912C-4652-8150-6541AB7F7095}"
EndProject
Global
	GlobalSection(SolutionConfigurationPlatforms) = preSolution
		Debug|Any CPU = Debug|Any CPU
		Release|Any CPU = Release|Any CPU
	EndGlobalSection
	GlobalSection(ProjectConfigurationPlatforms) = postSolution
		{26710DF7-2368-444B-A316-C44E3DFD67B6}.Debug|Any CPU.ActiveCfg = Debug|Any CPU
		{26710DF7-2368-444B-A316-C44E3DFD67B6}.Debug|Any CPU.Build.0 = Debug|Any CPU
		{26710DF7-2368-444B-A316-C44E3DFD67B6}.Release|Any CPU.ActiveCfg = Release|Any CPU
		{26710DF7-2368-444B-A316-C44E3DFD67B6}.Release|Any CPU.Build.0 = Release|Any CPU
		{4B047FFA-A247-4525-A659-40C5C3544803}.Debug|Any CPU.ActiveCfg = Debug|Any CPU
		{4B047FFA-A247-4525-A659-40C5C3544803}.Debug|Any CPU.Build.0 = Debug|Any CPU
		{4B047FFA-A247-4525-A659-40C5C3544803}.Release|Any CPU.ActiveCfg = Release|Any CPU
		{4B047FFA-A247-4525-A659-40C5C3544803}.Release|Any CPU.Build.0 = Release|Any CPU
		{BB0C9179-F4E3-4BD0-8CA1-0DDD3DE9A3D0}.Debug|Any CPU.ActiveCfg = Debug|Any CPU
		{BB0C9179-F4E3-4BD0-8CA1-0DDD3DE9A3D0}.Debug|Any CPU.Build.0 = Debug|Any CPU
		{BB0C9179-F4E3-4BD0-8CA1-0DDD3DE9A3D0}.Release|Any CPU.ActiveCfg = Release|Any CPU
		{BB0C9179-F4E3-4BD0-8CA1-0DDD3DE9A3D0}.Release|Any CPU.Build.0 = Release|Any CPU
		{FFDA71EE-E8BE-4E1B-8F19-31E5ECF8E279}.Debug|Any CPU.ActiveCfg = Debug|Any CPU
		{FFDA71EE-E8BE-4E1B-8F19-31E5ECF8E279}.Debug|Any CPU.Build.0 = Debug|Any CPU
		{FFDA71EE-E8BE-4E1B-8F19-31E5ECF8E279}.Release|Any CPU.ActiveCfg = Release|Any CPU
		{FFDA71EE-E8BE-4E1B-8F19-31E5ECF8E279}.Release|Any CPU.Build.0 = Release|Any CPU
		{8623E0BF-912C-4652-8150-6541AB7F7095}.Debug|Any CPU.ActiveCfg = Debug|Any CPU
		{8623E0BF-912C-4652-8150-6541AB7F7095}.Debug|Any CPU.Build.0 = Debug|Any CPU
		{8623E0BF-912C-4652-8150-6541AB7F7095}.Release|Any CPU.ActiveCfg = Release|Any CPU
		{8623E0BF-912C-4652-8150-6541AB7F7095}.Release|Any CPU.Build.0 = Release|Any CPU
	EndGlobalSection
	GlobalSection(NestedProjects) = preSolution
		{BB0C9179-F4E3-4BD0-8CA1-0DDD3DE9A3D0} = {EBE85BEA-F474-42C4-AF8B-0463AA0043A8}
		{FFDA71EE-E8BE-4E1B-8F19-31E5ECF8E279} = {EBE85BEA-F474-42C4-AF8B-0463AA0043A8}
		{8623E0BF-912C-4652-8150-6541AB7F7095} = {DE92F329-EF97-4CC7-8813-DD81502A7EC0}
	EndGlobalSection
EndGlobal
